
Microsoft Visual Studio Solution File, Format Version 12.00
# Visual Studio Version 16
VisualStudioVersion = 16.0.31112.23
MinimumVisualStudioVersion = 10.0.40219.1
Project("{FAE04EC0-301F-11D3-BF4B-00C04F79EFBC}") = "fibonacci_recursive", "fibonacci_recursive\fibonacci_recursive.csproj", "{1E091044-B90A-4AA7-AB14-0EBDDF2B5A27}"
EndProject
Global
	GlobalSection(SolutionConfigurationPlatforms) = preSolution
		Debug|Any CPU = Debug|Any CPU
		Release|Any CPU = Release|Any CPU
	EndGlobalSection
	GlobalSection(ProjectConfigurationPlatforms) = postSolution
		{1E091044-B90A-4AA7-AB14-0EBDDF2B5A27}.Debug|Any CPU.ActiveCfg = Debug|Any CPU
		{1E091044-B90A-4AA7-AB14-0EBDDF2B5A27}.Debug|Any CPU.Build.0 = Debug|Any CPU
		{1E091044-B90A-4AA7-AB14-0EBDDF2B5A27}.Release|Any CPU.ActiveCfg = Release|Any CPU
		{1E091044-B90A-4AA7-AB14-0EBDDF2B5A27}.Release|Any CPU.Build.0 = Release|Any CPU
	EndGlobalSection
	GlobalSection(SolutionProperties) = preSolution
		HideSolutionNode = FALSE
	EndGlobalSection
	GlobalSection(ExtensibilityGlobals) = postSolution
		SolutionGuid = {D678F476-029B-4C25-8F0D-F3F42E5B4CBC}
	EndGlobalSection
EndGlobal
